Microsoft Visual Studio Solution File, Format Version 12.00
# Visual Studio 15
VisualStudioVersion = 15.0.27130.2026
MinimumVisualStudioVersion = 15.0.26124.0
Project("{9A19103F-16F7-4668-BE54-9A1E7A4F7556}") = "TwoFactorAuth", "TwoFactorAuth\TwoFactorAuth.csproj", "{333852D2-32A4-4D30-A05C-EA3984C3BE04}"
EndProject
Global
	GlobalSection(SolutionConfigurationPlatforms) = preSolution
		Debug|Any CPU = Debug|Any CPU
		Debug|x64 = Debug|x64
		Debug|x86 = Debug|x86
		Release|Any CPU = Release|Any CPU
		Release|x64 = Release|x64
		Release|x86 = Release|x86
	EndGlobalSection
	GlobalSection(ProjectConfigurationPlatforms) = postSolution
		{333852D2-32A4-4D30-A05C-EA3984C3BE04}.Debug|Any CPU.ActiveCfg = Debug|Any CPU
		{333852D2-32A4-4D30-A05C-EA3984C3BE04}.Debug|Any CPU.Build.0 = Debug|Any CPU
		{333852D2-32A4-4D30-A05C-EA3984C3BE04}.Debug|x64.ActiveCfg = Debug|Any CPU
		{333852D2-32A4-4D30-A05C-EA3984C3BE04}.Debug|x64.Build.0 = Debug|Any CPU
		{333852D2-32A4-4D30-A05C-EA3984C3BE04}.Debug|x86.ActiveCfg = Debug|Any CPU
		{333852D2-32A4-4D30-A05C-EA3984C3BE04}.Debug|x86.Build.0 = Debug|Any CPU
		{333852D2-32A4-4D30-A05C-EA3984C3BE04}.Release|Any CPU.ActiveCfg = Release|Any CPU
		{333852D2-32A4-4D30-A05C-EA3984C3BE04}.Release|Any CPU.Build.0 = Release|Any CPU
		{333852D2-32A4-4D30-A05C-EA3984C3BE04}.Release|x64.ActiveCfg = Release|Any CPU
		{333852D2-32A4-4D30-A05C-EA3984C3BE04}.Release|x64.Build.0 = Release|Any CPU
		{333852D2-32A4-4D30-A05C-EA3984C3BE04}.Release|x86.ActiveCfg = Release|Any CPU
		{333852D2-32A4-4D30-A05C-EA3984C3BE04}.Release|x86.Build.0 = Release|Any CPU
	EndGlobalSection
	GlobalSection(SolutionProperties) = preSolution
		HideSolutionNode = FALSE
	EndGlobalSection
	GlobalSection(ExtensibilityGlobals) = postSolution
		SolutionGuid = {3EC77633-B372-45F3-BDB1-91EECFCF44EC}
	EndGlobalSection
EndGlobal
